
Microsoft Visual Studio Solution File, Format Version 12.00
# Visual Studio 15
VisualStudioVersion = 15.0.26730.10
MinimumVisualStudioVersion = 10.0.40219.1
Project("{2150E333-8FDC-42A3-9474-1A3956D46DE8}") = "src", "src", "{299FBB74-BB76-4540-9FE9-5BB83EEDBC0E}"
EndProject
Project("{FAE04EC0-301F-11D3-BF4B-00C04F79EFBC}") = "j789.Filters", "j789.Filters\j789.Filters.csproj", "{173C8E78-DF2A-4B52-8BB0-91435D6F8EB4}"
EndProject
Global
	GlobalSection(SolutionConfigurationPlatforms) = preSolution
		Debug|Any CPU = Debug|Any CPU
		Release|Any CPU = Release|Any CPU
	EndGlobalSection
	GlobalSection(ProjectConfigurationPlatforms) = postSolution
		{173C8E78-DF2A-4B52-8BB0-91435D6F8EB4}.Debug|Any CPU.ActiveCfg = Debug|Any CPU
		{173C8E78-DF2A-4B52-8BB0-91435D6F8EB4}.Debug|Any CPU.Build.0 = Debug|Any CPU
		{173C8E78-DF2A-4B52-8BB0-91435D6F8EB4}.Release|Any CPU.ActiveCfg = Release|Any CPU
		{173C8E78-DF2A-4B52-8BB0-91435D6F8EB4}.Release|Any CPU.Build.0 = Release|Any CPU
	EndGlobalSection
	GlobalSection(SolutionProperties) = preSolution
		HideSolutionNode = FALSE
	EndGlobalSection
	GlobalSection(NestedProjects) = preSolution
		{173C8E78-DF2A-4B52-8BB0-91435D6F8EB4} = {299FBB74-BB76-4540-9FE9-5BB83EEDBC0E}
	EndGlobalSection
	GlobalSection(ExtensibilityGlobals) = postSolution
		SolutionGuid = {65D73DDD-21D8-47CA-BA89-67104EF327D9}
	EndGlobalSection
EndGlobal
